
Microsoft Visual Studio Solution File, Format Version 12.00
# Visual Studio 15
VisualStudioVersion = 15.0.28307.438
MinimumVisualStudioVersion = 10.0.40219.1
Project("{FAE04EC0-301F-11D3-BF4B-00C04F79EFBC}") = "FitnessDiary", "FitnessDiary\FitnessDiary.csproj", "{D656696F-16E7-44AF-A417-973B7D321191}"
EndProject
Project("{FAE04EC0-301F-11D3-BF4B-00C04F79EFBC}") = "FitnessDiary.DataAccess", "FitnessDiary.DataAccess\FitnessDiary.DataAccess.csproj", "{4D077632-8280-44EE-B5DC-4EF99F8C509C}"
EndProject
Project("{FAE04EC0-301F-11D3-BF4B-00C04F79EFBC}") = "FitnessDiary.BusinessLogic", "FitnessDiary.BusinessLogic\FitnessDiary.BusinessLogic.csproj", "{1DB2DD85-2918-4731-93E3-C14C689C8F27}"
EndProject
Global
	GlobalSection(SolutionConfigurationPlatforms) = preSolution
		Debug|Any CPU = Debug|Any CPU
		Release|Any CPU = Release|Any CPU
	EndGlobalSection
	GlobalSection(ProjectConfigurationPlatforms) = postSolution
		{D656696F-16E7-44AF-A417-973B7D321191}.Debug|Any CPU.ActiveCfg = Debug|Any CPU
		{D656696F-16E7-44AF-A417-973B7D321191}.Debug|Any CPU.Build.0 = Debug|Any CPU
		{D656696F-16E7-44AF-A417-973B7D321191}.Release|Any CPU.ActiveCfg = Release|Any CPU
		{D656696F-16E7-44AF-A417-973B7D321191}.Release|Any CPU.Build.0 = Release|Any CPU
		{4D077632-8280-44EE-B5DC-4EF99F8C509C}.Debug|Any CPU.ActiveCfg = Debug|Any CPU
		{4D077632-8280-44EE-B5DC-4EF99F8C509C}.Debug|Any CPU.Build.0 = Debug|Any CPU
		{4D077632-8280-44EE-B5DC-4EF99F8C509C}.Release|Any CPU.ActiveCfg = Release|Any CPU
		{4D077632-8280-44EE-B5DC-4EF99F8C509C}.Release|Any CPU.Build.0 = Release|Any CPU
		{1DB2DD85-2918-4731-93E3-C14C689C8F27}.Debug|Any CPU.ActiveCfg = Debug|Any CPU
		{1DB2DD85-2918-4731-93E3-C14C689C8F27}.Debug|Any CPU.Build.0 = Debug|Any CPU
		{1DB2DD85-2918-4731-93E3-C14C689C8F27}.Release|Any CPU.ActiveCfg = Release|Any CPU
		{1DB2DD85-2918-4731-93E3-C14C689C8F27}.Release|Any CPU.Build.0 = Release|Any CPU
	EndGlobalSection
	GlobalSection(SolutionProperties) = preSolution
		HideSolutionNode = FALSE
	EndGlobalSection
	GlobalSection(ExtensibilityGlobals) = postSolution
		SolutionGuid = {132321B5-EE4F-4383-BF9D-F2CAFB629FF2}
	EndGlobalSection
EndGlobal
